// !$*UTF8*$!
{
	archiveVersion = 1;
	classes = {
	};
	objectVersion = 50;
	objects = {

/* Begin PBXBuildFile section */
		7906D15025C209C2001F78B1 /* ItemRowView.swift in Sources */ = {isa = PBXBuildFile; fileRef = 7906D14F25C209C2001F78B1 /* ItemRowView.swift */; };
		790A66A925BF500F0082F571 /* HomeView.swift in Sources */ = {isa = PBXBuildFile; fileRef = 790A66A825BF500F0082F571 /* HomeView.swift */; };
		790A66AE25BF509E0082F571 /* ProjectsView.swift in Sources */ = {isa = PBXBuildFile; fileRef = 790A66AD25BF509E0082F571 /* ProjectsView.swift */; };
		790A672825C0B3D10082F571 /* Item-CoreDataHelpers.swift in Sources */ = {isa = PBXBuildFile; fileRef = 790A672725C0B3D10082F571 /* Item-CoreDataHelpers.swift */; };
		790A672B25C0B4F10082F571 /* Project-CoreDataHelpers.swift in Sources */ = {isa = PBXBuildFile; fileRef = 790A672A25C0B4F10082F571 /* Project-CoreDataHelpers.swift */; };
		793DA7E625C0CD2E001DE207 /* EditItemView.swift in Sources */ = {isa = PBXBuildFile; fileRef = 793DA7E525C0CD2E001DE207 /* EditItemView.swift */; };
		7966C79E25BF333C00891BBB /* UltimatePortfolioApp.swift in Sources */ = {isa = PBXBuildFile; fileRef = 7966C79D25BF333C00891BBB /* UltimatePortfolioApp.swift */; };
		7966C7A025BF333C00891BBB /* ContentView.swift in Sources */ = {isa = PBXBuildFile; fileRef = 7966C79F25BF333C00891BBB /* ContentView.swift */; };
		7966C7A225BF333F00891BBB /* Assets.xcassets in Resources */ = {isa = PBXBuildFile; fileRef = 7966C7A125BF333F00891BBB /* Assets.xcassets */; };
		7966C7A525BF333F00891BBB /* Preview Assets.xcassets in Resources */ = {isa = PBXBuildFile; fileRef = 7966C7A425BF333F00891BBB /* Preview Assets.xcassets */; };
		7966C7B025BF38D900891BBB /* Main.xcdatamodeld in Sources */ = {isa = PBXBuildFile; fileRef = 7966C7AE25BF38D900891BBB /* Main.xcdatamodeld */; };
		7966C7B325BF3BC800891BBB /* DataController.swift in Sources */ = {isa = PBXBuildFile; fileRef = 7966C7B225BF3BC800891BBB /* DataController.swift */; };
		7966C7B825BF451B00891BBB /* AudioToolbox.framework in Frameworks */ = {isa = PBXBuildFile; fileRef = 7966C7B725BF451B00891BBB /* AudioToolbox.framework */; };
		7966C7D025BF496200891BBB /* CloudKit.framework in Frameworks */ = {isa = PBXBuildFile; fileRef = 7966C7CF25BF496200891BBB /* CloudKit.framework */; };
		79A73F4625C9DF6F0060C124 /* EditProjectView.swift in Sources */ = {isa = PBXBuildFile; fileRef = 79A73F4525C9DF6F0060C124 /* EditProjectView.swift */; };
		79A8EF4725C6C92F0099B1DE /* Binding-OnChange.swift in Sources */ = {isa = PBXBuildFile; fileRef = 79A8EF4625C6C92F0099B1DE /* Binding-OnChange.swift */; };
		79A8EF4B25C6CE3E0099B1DE /* ProjectHeaderView.swift in Sources */ = {isa = PBXBuildFile; fileRef = 79A8EF4A25C6CE3E0099B1DE /* ProjectHeaderView.swift */; };
		79A8EF4E25C6D26D0099B1DE /* Colors.xcassets in Resources */ = {isa = PBXBuildFile; fileRef = 79A8EF4D25C6D26D0099B1DE /* Colors.xcassets */; };
		79ADB7B125CC67F900F92EDC /* SelectSomethingView.swift in Sources */ = {isa = PBXBuildFile; fileRef = 79ADB7B025CC67F900F92EDC /* SelectSomethingView.swift */; };
		79ADB7B425CC6B5A00F92EDC /* Bundle-Decodable.swift in Sources */ = {isa = PBXBuildFile; fileRef = 79ADB7B325CC6B5A00F92EDC /* Bundle-Decodable.swift */; };
		79ADB7B825CC75E600F92EDC /* Awards.json in Resources */ = {isa = PBXBuildFile; fileRef = 79ADB7B725CC75E600F92EDC /* Awards.json */; };
		79ADB7BB25CC769400F92EDC /* Award.swift in Sources */ = {isa = PBXBuildFile; fileRef = 79ADB7BA25CC769400F92EDC /* Award.swift */; };
		79ADB7BE25CC775900F92EDC /* AwardsView.swift in Sources */ = {isa = PBXBuildFile; fileRef = 79ADB7BD25CC775900F92EDC /* AwardsView.swift */; };
		79C941B425CE021500E8BFCA /* Color-Additions.swift in Sources */ = {isa = PBXBuildFile; fileRef = 79C941B325CE021500E8BFCA /* Color-Additions.swift */; };
		79EB7A5525CB1E9900A535E8 /* Sequence-Sorting.swift in Sources */ = {isa = PBXBuildFile; fileRef = 79EB7A5425CB1E9900A535E8 /* Sequence-Sorting.swift */; };
/* End PBXBuildFile section */

/* Begin PBXFileReference section */
		7906D14F25C209C2001F78B1 /* ItemRowView.swift */ = {isa = PBXFileReference; lastKnownFileType = sourcecode.swift; path = ItemRowView.swift; sourceTree = "<group>"; };
		790A66A825BF500F0082F571 /* HomeView.swift */ = {isa = PBXFileReference; lastKnownFileType = sourcecode.swift; path = HomeView.swift; sourceTree = "<group>"; };
		790A66AD25BF509E0082F571 /* ProjectsView.swift */ = {isa = PBXFileReference; lastKnownFileType = sourcecode.swift; path = ProjectsView.swift; sourceTree = "<group>"; };
		790A672725C0B3D10082F571 /* Item-CoreDataHelpers.swift */ = {isa = PBXFileReference; lastKnownFileType = sourcecode.swift; path = "Item-CoreDataHelpers.swift"; sourceTree = "<group>"; };
		790A672A25C0B4F10082F571 /* Project-CoreDataHelpers.swift */ = {isa = PBXFileReference; lastKnownFileType = sourcecode.swift; path = "Project-CoreDataHelpers.swift"; sourceTree = "<group>"; };
		793DA7E525C0CD2E001DE207 /* EditItemView.swift */ = {isa = PBXFileReference; lastKnownFileType = sourcecode.swift; path = EditItemView.swift; sourceTree = "<group>"; };
		7966C79A25BF333C00891BBB /* UltimatePortfolio.app */ = {isa = PBXFileReference; explicitFileType = wrapper.application; includeInIndex = 0; path = UltimatePortfolio.app; sourceTree = BUILT_PRODUCTS_DIR; };
		7966C79D25BF333C00891BBB /* UltimatePortfolioApp.swift */ = {isa = PBXFileReference; lastKnownFileType = sourcecode.swift; path = UltimatePortfolioApp.swift; sourceTree = "<group>"; };
		7966C79F25BF333C00891BBB /* ContentView.swift */ = {isa = PBXFileReference; lastKnownFileType = sourcecode.swift; path = ContentView.swift; sourceTree = "<group>"; };
		7966C7A125BF333F00891BBB /* Assets.xcassets */ = {isa = PBXFileReference; lastKnownFileType = folder.assetcatalog; path = Assets.xcassets; sourceTree = "<group>"; };
		7966C7A425BF333F00891BBB /* Preview Assets.xcassets */ = {isa = PBXFileReference; lastKnownFileType = folder.assetcatalog; path = "Preview Assets.xcassets"; sourceTree = "<group>"; };
		7966C7A625BF333F00891BBB /* Info.plist */ = {isa = PBXFileReference; lastKnownFileType = text.plist.xml; path = Info.plist; sourceTree = "<group>"; };
		7966C7AF25BF38D900891BBB /* Main.xcdatamodel */ = {isa = PBXFileReference; lastKnownFileType = wrapper.xcdatamodel; path = Main.xcdatamodel; sourceTree = "<group>"; };
		7966C7B225BF3BC800891BBB /* DataController.swift */ = {isa = PBXFileReference; lastKnownFileType = sourcecode.swift; path = DataController.swift; sourceTree = "<group>"; };
		7966C7B525BF451B00891BBB /* UltimatePortfolio.entitlements */ = {isa = PBXFileReference; lastKnownFileType = text.plist.entitlements; path = UltimatePortfolio.entitlements; sourceTree = "<group>"; };
		7966C7B725BF451B00891BBB /* AudioToolbox.framework */ = {isa = PBXFileReference; lastKnownFileType = wrapper.framework; name = AudioToolbox.framework; path = System/Library/Frameworks/AudioToolbox.framework; sourceTree = SDKROOT; };
		7966C7CF25BF496200891BBB /* CloudKit.framework */ = {isa = PBXFileReference; lastKnownFileType = wrapper.framework; name = CloudKit.framework; path = System/Library/Frameworks/CloudKit.framework; sourceTree = SDKROOT; };
		79A73F4525C9DF6F0060C124 /* EditProjectView.swift */ = {isa = PBXFileReference; lastKnownFileType = sourcecode.swift; path = EditProjectView.swift; sourceTree = "<group>"; };
		79A8EF4625C6C92F0099B1DE /* Binding-OnChange.swift */ = {isa = PBXFileReference; lastKnownFileType = sourcecode.swift; path = "Binding-OnChange.swift"; sourceTree = "<group>"; };
		79A8EF4A25C6CE3E0099B1DE /* ProjectHeaderView.swift */ = {isa = PBXFileReference; lastKnownFileType = sourcecode.swift; path = ProjectHeaderView.swift; sourceTree = "<group>"; };
		79A8EF4D25C6D26D0099B1DE /* Colors.xcassets */ = {isa = PBXFileReference; lastKnownFileType = folder.assetcatalog; path = Colors.xcassets; sourceTree = "<group>"; };
		79ADB7B025CC67F900F92EDC /* SelectSomethingView.swift */ = {isa = PBXFileReference; lastKnownFileType = sourcecode.swift; path = SelectSomethingView.swift; sourceTree = "<group>"; };
		79ADB7B325CC6B5A00F92EDC /* Bundle-Decodable.swift */ = {isa = PBXFileReference; lastKnownFileType = sourcecode.swift; path = "Bundle-Decodable.swift"; sourceTree = "<group>"; };
		79ADB7B725CC75E600F92EDC /* Awards.json */ = {isa = PBXFileReference; fileEncoding = 4; lastKnownFileType = text.json; path = Awards.json; sourceTree = "<group>"; };
		79ADB7BA25CC769400F92EDC /* Award.swift */ = {isa = PBXFileReference; lastKnownFileType = sourcecode.swift; path = Award.swift; sourceTree = "<group>"; };
		79ADB7BD25CC775900F92EDC /* AwardsView.swift */ = {isa = PBXFileReference; lastKnownFileType = sourcecode.swift; path = AwardsView.swift; sourceTree = "<group>"; };
		79C941B325CE021500E8BFCA /* Color-Additions.swift */ = {isa = PBXFileReference; lastKnownFileType = sourcecode.swift; path = "Color-Additions.swift"; sourceTree = "<group>"; };
		79EB7A5425CB1E9900A535E8 /* Sequence-Sorting.swift */ = {isa = PBXFileReference; lastKnownFileType = sourcecode.swift; path = "Sequence-Sorting.swift"; sourceTree = "<group>"; };
/* End PBXFileReference section */

/* Begin PBXFrameworksBuildPhase section */
		7966C79725BF333C00891BBB /* Frameworks */ = {
			isa = PBXFrameworksBuildPhase;
			buildActionMask = 2147483647;
			files = (
				7966C7B825BF451B00891BBB /* AudioToolbox.framework in Frameworks */,
				7966C7D025BF496200891BBB /* CloudKit.framework in Frameworks */,
			);
			runOnlyForDeploymentPostprocessing = 0;
		};
/* End PBXFrameworksBuildPhase section */

/* Begin PBXGroup section */
		7966C79125BF333C00891BBB = {
			isa = PBXGroup;
			children = (
				79C941B325CE021500E8BFCA /* Color-Additions.swift */,
				7966C79C25BF333C00891BBB /* UltimatePortfolio */,
				7966C79B25BF333C00891BBB /* Products */,
				7966C7B625BF451B00891BBB /* Frameworks */,
			);
			sourceTree = "<group>";
		};
		7966C79B25BF333C00891BBB /* Products */ = {
			isa = PBXGroup;
			children = (
				7966C79A25BF333C00891BBB /* UltimatePortfolio.app */,
			);
			name = Products;
			sourceTree = "<group>";
		};
		7966C79C25BF333C00891BBB /* UltimatePortfolio */ = {
			isa = PBXGroup;
			children = (
				79ADB7B725CC75E600F92EDC /* Awards.json */,
				79ADB7BA25CC769400F92EDC /* Award.swift */,
				79ADB7BD25CC775900F92EDC /* AwardsView.swift */,
				79ADB7B325CC6B5A00F92EDC /* Bundle-Decodable.swift */,
				79ADB7B025CC67F900F92EDC /* SelectSomethingView.swift */,
				79A73F4525C9DF6F0060C124 /* EditProjectView.swift */,
				79A8EF4625C6C92F0099B1DE /* Binding-OnChange.swift */,
				793DA7E525C0CD2E001DE207 /* EditItemView.swift */,
				79A8EF4A25C6CE3E0099B1DE /* ProjectHeaderView.swift */,
				790A66A825BF500F0082F571 /* HomeView.swift */,
				790A66AD25BF509E0082F571 /* ProjectsView.swift */,
				7906D14F25C209C2001F78B1 /* ItemRowView.swift */,
				790A672725C0B3D10082F571 /* Item-CoreDataHelpers.swift */,
				790A672A25C0B4F10082F571 /* Project-CoreDataHelpers.swift */,
				79EB7A5425CB1E9900A535E8 /* Sequence-Sorting.swift */,
				7966C7B525BF451B00891BBB /* UltimatePortfolio.entitlements */,
				7966C79D25BF333C00891BBB /* UltimatePortfolioApp.swift */,
				7966C79F25BF333C00891BBB /* ContentView.swift */,
				7966C7AE25BF38D900891BBB /* Main.xcdatamodeld */,
				7966C7B225BF3BC800891BBB /* DataController.swift */,
				7966C7A125BF333F00891BBB /* Assets.xcassets */,
				79A8EF4D25C6D26D0099B1DE /* Colors.xcassets */,
				7966C7A625BF333F00891BBB /* Info.plist */,
				7966C7A325BF333F00891BBB /* Preview Content */,
			);
			path = UltimatePortfolio;
			sourceTree = "<group>";
		};
		7966C7A325BF333F00891BBB /* Preview Content */ = {
			isa = PBXGroup;
			children = (
				7966C7A425BF333F00891BBB /* Preview Assets.xcassets */,
			);
			path = "Preview Content";
			sourceTree = "<group>";
		};
		7966C7B625BF451B00891BBB /* Frameworks */ = {
			isa = PBXGroup;
			children = (
				7966C7CF25BF496200891BBB /* CloudKit.framework */,
				7966C7B725BF451B00891BBB /* AudioToolbox.framework */,
			);
			name = Frameworks;
			sourceTree = "<group>";
		};
/* End PBXGroup section */

/* Begin PBXNativeTarget section */
		7966C79925BF333C00891BBB /* UltimatePortfolio */ = {
			isa = PBXNativeTarget;
			buildConfigurationList = 7966C7A925BF333F00891BBB /* Build configuration list for PBXNativeTarget "UltimatePortfolio" */;
			buildPhases = (
				7966C79625BF333C00891BBB /* Sources */,
				7966C79725BF333C00891BBB /* Frameworks */,
				7966C79825BF333C00891BBB /* Resources */,
			);
			buildRules = (
			);
			dependencies = (
			);
			name = UltimatePortfolio;
			productName = UltimatePortfolio;
			productReference = 7966C79A25BF333C00891BBB /* UltimatePortfolio.app */;
			productType = "com.apple.product-type.application";
		};
/* End PBXNativeTarget section */

/* Begin PBXProject section */
		7966C79225BF333C00891BBB /* Project object */ = {
			isa = PBXProject;
			attributes = {
				LastSwiftUpdateCheck = 1220;
				LastUpgradeCheck = 1220;
				TargetAttributes = {
					7966C79925BF333C00891BBB = {
						CreatedOnToolsVersion = 12.2;
					};
				};
			};
			buildConfigurationList = 7966C79525BF333C00891BBB /* Build configuration list for PBXProject "UltimatePortfolio" */;
			compatibilityVersion = "Xcode 9.3";
			developmentRegion = en;
			hasScannedForEncodings = 0;
			knownRegions = (
				en,
				Base,
			);
			mainGroup = 7966C79125BF333C00891BBB;
			productRefGroup = 7966C79B25BF333C00891BBB /* Products */;
			projectDirPath = "";
			projectRoot = "";
			targets = (
				7966C79925BF333C00891BBB /* UltimatePortfolio */,
			);
		};
/* End PBXProject section */

/* Begin PBXResourcesBuildPhase section */
		7966C79825BF333C00891BBB /* Resources */ = {
			isa = PBXResourcesBuildPhase;
			buildActionMask = 2147483647;
			files = (
				79A8EF4E25C6D26D0099B1DE /* Colors.xcassets in Resources */,
				79ADB7B825CC75E600F92EDC /* Awards.json in Resources */,
				7966C7A525BF333F00891BBB /* Preview Assets.xcassets in Resources */,
				7966C7A225BF333F00891BBB /* Assets.xcassets in Resources */,
			);
			runOnlyForDeploymentPostprocessing = 0;
		};
/* End PBXResourcesBuildPhase section */

/* Begin PBXSourcesBuildPhase section */
		7966C79625BF333C00891BBB /* Sources */ = {
			isa = PBXSourcesBuildPhase;
			buildActionMask = 2147483647;
			files = (
				790A66AE25BF509E0082F571 /* ProjectsView.swift in Sources */,
				79A8EF4B25C6CE3E0099B1DE /* ProjectHeaderView.swift in Sources */,
				79ADB7BE25CC775900F92EDC /* AwardsView.swift in Sources */,
				7966C7B025BF38D900891BBB /* Main.xcdatamodeld in Sources */,
				790A672B25C0B4F10082F571 /* Project-CoreDataHelpers.swift in Sources */,
				79C941B425CE021500E8BFCA /* Color-Additions.swift in Sources */,
				79A73F4625C9DF6F0060C124 /* EditProjectView.swift in Sources */,
				7966C7B325BF3BC800891BBB /* DataController.swift in Sources */,
				79ADB7B125CC67F900F92EDC /* SelectSomethingView.swift in Sources */,
				79ADB7BB25CC769400F92EDC /* Award.swift in Sources */,
				7906D15025C209C2001F78B1 /* ItemRowView.swift in Sources */,
				7966C7A025BF333C00891BBB /* ContentView.swift in Sources */,
				79A8EF4725C6C92F0099B1DE /* Binding-OnChange.swift in Sources */,
				79EB7A5525CB1E9900A535E8 /* Sequence-Sorting.swift in Sources */,
				79ADB7B425CC6B5A00F92EDC /* Bundle-Decodable.swift in Sources */,
				790A66A925BF500F0082F571 /* HomeView.swift in Sources */,
				7966C79E25BF333C00891BBB /* UltimatePortfolioApp.swift in Sources */,
				790A672825C0B3D10082F571 /* Item-CoreDataHelpers.swift in Sources */,
				793DA7E625C0CD2E001DE207 /* EditItemView.swift in Sources */,
			);
			runOnlyForDeploymentPostprocessing = 0;
		};
/* End PBXSourcesBuildPhase section */

/* Begin XCBuildConfiguration section */
		7966C7A725BF333F00891BBB /* Debug */ = {
			isa = XCBuildConfiguration;
			buildSettings = {
				ALWAYS_SEARCH_USER_PATHS = NO;
				CLANG_ANALYZER_NONNULL = YES;
				CLANG_ANALYZER_NUMBER_OBJECT_CONVERSION = YES_AGGRESSIVE;
				CLANG_CXX_LANGUAGE_STANDARD = "gnu++14";
				CLANG_CXX_LIBRARY = "libc++";
				CLANG_ENABLE_MODULES = YES;
				CLANG_ENABLE_OBJC_ARC = YES;
				CLANG_ENABLE_OBJC_WEAK = YES;
				CLANG_WARN_BLOCK_CAPTURE_AUTORELEASING = YES;
				CLANG_WARN_BOOL_CONVERSION = YES;
				CLANG_WARN_COMMA = YES;
				CLANG_WARN_CONSTANT_CONVERSION = YES;
				CLANG_WARN_DEPRECATED_OBJC_IMPLEMENTATIONS = YES;
				CLANG_WARN_DIRECT_OBJC_ISA_USAGE = YES_ERROR;
				CLANG_WARN_DOCUMENTATION_COMMENTS = YES;
				CLANG_WARN_EMPTY_BODY = YES;
				CLANG_WARN_ENUM_CONVERSION = YES;
				CLANG_WARN_INFINITE_RECURSION = YES;
				CLANG_WARN_INT_CONVERSION = YES;
				CLANG_WARN_NON_LITERAL_NULL_CONVERSION = YES;
				CLANG_WARN_OBJC_IMPLICIT_RETAIN_SELF = YES;
				CLANG_WARN_OBJC_LITERAL_CONVERSION = YES;
				CLANG_WARN_OBJC_ROOT_CLASS = YES_ERROR;
				CLANG_WARN_QUOTED_INCLUDE_IN_FRAMEWORK_HEADER = YES;
				CLANG_WARN_RANGE_LOOP_ANALYSIS = YES;
				CLANG_WARN_STRICT_PROTOTYPES = YES;
				CLANG_WARN_SUSPICIOUS_MOVE = YES;
				CLANG_WARN_UNGUARDED_AVAILABILITY = YES_AGGRESSIVE;
				CLANG_WARN_UNREACHABLE_CODE = YES;
				CLANG_WARN__DUPLICATE_METHOD_MATCH = YES;
				COPY_PHASE_STRIP = NO;
				DEBUG_INFORMATION_FORMAT = dwarf;
				ENABLE_STRICT_OBJC_MSGSEND = YES;
				ENABLE_TESTABILITY = YES;
				GCC_C_LANGUAGE_STANDARD = gnu11;
				GCC_DYNAMIC_NO_PIC = NO;
				GCC_NO_COMMON_BLOCKS = YES;
				GCC_OPTIMIZATION_LEVEL = 0;
				GCC_PREPROCESSOR_DEFINITIONS = (
					"DEBUG=1",
					"$(inherited)",
				);
				GCC_WARN_64_TO_32_BIT_CONVERSION = YES;
				GCC_WARN_ABOUT_RETURN_TYPE = YES_ERROR;
				GCC_WARN_UNDECLARED_SELECTOR = YES;
				GCC_WARN_UNINITIALIZED_AUTOS = YES_AGGRESSIVE;
				GCC_WARN_UNUSED_FUNCTION = YES;
				GCC_WARN_UNUSED_VARIABLE = YES;
				IPHONEOS_DEPLOYMENT_TARGET = 14.2;
				MTL_ENABLE_DEBUG_INFO = INCLUDE_SOURCE;
				MTL_FAST_MATH = YES;
				ONLY_ACTIVE_ARCH = YES;
				SDKROOT = iphoneos;
				SWIFT_ACTIVE_COMPILATION_CONDITIONS = DEBUG;
				SWIFT_OPTIMIZATION_LEVEL = "-Onone";
			};
			name = Debug;
		};
		7966C7A825BF333F00891BBB /* Release */ = {
			isa = XCBuildConfiguration;
			buildSettings = {
				ALWAYS_SEARCH_USER_PATHS = NO;
				CLANG_ANALYZER_NONNULL = YES;
				CLANG_ANALYZER_NUMBER_OBJECT_CONVERSION = YES_AGGRESSIVE;
				CLANG_CXX_LANGUAGE_STANDARD = "gnu++14";
				CLANG_CXX_LIBRARY = "libc++";
				CLANG_ENABLE_MODULES = YES;
				CLANG_ENABLE_OBJC_ARC = YES;
				CLANG_ENABLE_OBJC_WEAK = YES;
				CLANG_WARN_BLOCK_CAPTURE_AUTORELEASING = YES;
				CLANG_WARN_BOOL_CONVERSION = YES;
				CLANG_WARN_COMMA = YES;
				CLANG_WARN_CONSTANT_CONVERSION = YES;
				CLANG_WARN_DEPRECATED_OBJC_IMPLEMENTATIONS = YES;
				CLANG_WARN_DIRECT_OBJC_ISA_USAGE = YES_ERROR;
				CLANG_WARN_DOCUMENTATION_COMMENTS = YES;
				CLANG_WARN_EMPTY_BODY = YES;
				CLANG_WARN_ENUM_CONVERSION = YES;
				CLANG_WARN_INFINITE_RECURSION = YES;
				CLANG_WARN_INT_CONVERSION = YES;
				CLANG_WARN_NON_LITERAL_NULL_CONVERSION = YES;
				CLANG_WARN_OBJC_IMPLICIT_RETAIN_SELF = YES;
				CLANG_WARN_OBJC_LITERAL_CONVERSION = YES;
				CLANG_WARN_OBJC_ROOT_CLASS = YES_ERROR;
				CLANG_WARN_QUOTED_INCLUDE_IN_FRAMEWORK_HEADER = YES;
				CLANG_WARN_RANGE_LOOP_ANALYSIS = YES;
				CLANG_WARN_STRICT_PROTOTYPES = YES;
				CLANG_WARN_SUSPICIOUS_MOVE = YES;
				CLANG_WARN_UNGUARDED_AVAILABILITY = YES_AGGRESSIVE;
				CLANG_WARN_UNREACHABLE_CODE = YES;
				CLANG_WARN__DUPLICATE_METHOD_MATCH = YES;
				COPY_PHASE_STRIP = NO;
				DEBUG_INFORMATION_FORMAT = "dwarf-with-dsym";
				ENABLE_NS_ASSERTIONS = NO;
				ENABLE_STRICT_OBJC_MSGSEND = YES;
				GCC_C_LANGUAGE_STANDARD = gnu11;
				GCC_NO_COMMON_BLOCKS = YES;
				GCC_WARN_64_TO_32_BIT_CONVERSION = YES;
				GCC_WARN_ABOUT_RETURN_TYPE = YES_ERROR;
				GCC_WARN_UNDECLARED_SELECTOR = YES;
				GCC_WARN_UNINITIALIZED_AUTOS = YES_AGGRESSIVE;
				GCC_WARN_UNUSED_FUNCTION = YES;
				GCC_WARN_UNUSED_VARIABLE = YES;
				IPHONEOS_DEPLOYMENT_TARGET = 14.2;
				MTL_ENABLE_DEBUG_INFO = NO;
				MTL_FAST_MATH = YES;
				SDKROOT = iphoneos;
				SWIFT_COMPILATION_MODE = wholemodule;
				SWIFT_OPTIMIZATION_LEVEL = "-O";
				VALIDATE_PRODUCT = YES;
			};
			name = Release;
		};
		7966C7AA25BF333F00891BBB /* Debug */ = {
			isa = XCBuildConfiguration;
			buildSettings = {
				ASSETCATALOG_COMPILER_APPICON_NAME = AppIcon;
				ASSETCATALOG_COMPILER_GLOBAL_ACCENT_COLOR_NAME = AccentColor;
				CODE_SIGN_ENTITLEMENTS = UltimatePortfolio/UltimatePortfolio.entitlements;
				CODE_SIGN_STYLE = Automatic;
				DEVELOPMENT_ASSET_PATHS = "\"UltimatePortfolio/Preview Content\"";
				DEVELOPMENT_TEAM = "";
				ENABLE_PREVIEWS = YES;
				INFOPLIST_FILE = UltimatePortfolio/Info.plist;
				IPHONEOS_DEPLOYMENT_TARGET = 14.0;
				LD_RUNPATH_SEARCH_PATHS = (
					"$(inherited)",
					"@executable_path/Frameworks",
				);
				PRODUCT_BUNDLE_IDENTIFIER = "com.serg-ios.UltimatePortfolio";
				PRODUCT_NAME = "$(TARGET_NAME)";
				SWIFT_VERSION = 5.0;
				TARGETED_DEVICE_FAMILY = "1,2";
			};
			name = Debug;
		};
		7966C7AB25BF333F00891BBB /* Release */ = {
			isa = XCBuildConfiguration;
			buildSettings = {
				ASSETCATALOG_COMPILER_APPICON_NAME = AppIcon;
				ASSETCATALOG_COMPILER_GLOBAL_ACCENT_COLOR_NAME = AccentColor;
				CODE_SIGN_ENTITLEMENTS = UltimatePortfolio/UltimatePortfolio.entitlements;
				CODE_SIGN_STYLE = Automatic;
				DEVELOPMENT_ASSET_PATHS = "\"UltimatePortfolio/Preview Content\"";
				DEVELOPMENT_TEAM = "";
				ENABLE_PREVIEWS = YES;
				INFOPLIST_FILE = UltimatePortfolio/Info.plist;
				IPHONEOS_DEPLOYMENT_TARGET = 14.0;
				LD_RUNPATH_SEARCH_PATHS = (
					"$(inherited)",
					"@executable_path/Frameworks",
				);
				PRODUCT_BUNDLE_IDENTIFIER = "com.serg-ios.UltimatePortfolio";
				PRODUCT_NAME = "$(TARGET_NAME)";
				SWIFT_VERSION = 5.0;
				TARGETED_DEVICE_FAMILY = "1,2";
			};
			name = Release;
		};
/* End XCBuildConfiguration section */

/* Begin XCConfigurationList section */
		7966C79525BF333C00891BBB /* Build configuration list for PBXProject "UltimatePortfolio" */ = {
			isa = XCConfigurationList;
			buildConfigurations = (
				7966C7A725BF333F00891BBB /* Debug */,
				7966C7A825BF333F00891BBB /* Release */,
			);
			defaultConfigurationIsVisible = 0;
			defaultConfigurationName = Release;
		};
		7966C7A925BF333F00891BBB /* Build configuration list for PBXNativeTarget "UltimatePortfolio" */ = {
			isa = XCConfigurationList;
			buildConfigurations = (
				7966C7AA25BF333F00891BBB /* Debug */,
				7966C7AB25BF333F00891BBB /* Release */,
			);
			defaultConfigurationIsVisible = 0;
			defaultConfigurationName = Release;
		};
/* End XCConfigurationList section */

/* Begin XCVersionGroup section */
		7966C7AE25BF38D900891BBB /* Main.xcdatamodeld */ = {
			isa = XCVersionGroup;
			children = (
				7966C7AF25BF38D900891BBB /* Main.xcdatamodel */,
			);
			currentVersion = 7966C7AF25BF38D900891BBB /* Main.xcdatamodel */;
			path = Main.xcdatamodeld;
			sourceTree = "<group>";
			versionGroupType = wrapper.xcdatamodel;
		};
/* End XCVersionGroup section */
	};
	rootObject = 7966C79225BF333C00891BBB /* Project object */;
}
